// !$*UTF8*$!
{
	archiveVersion = 1;
	classes = {
	};
	objectVersion = 55;
	objects = {

/* Begin PBXBuildFile section */
		2F591770C8E3C3A6B8A50DA1 /* Pods_CarouselTables.framework in Frameworks */ = {isa = PBXBuildFile; fileRef = 50FE696AA2B66B83F7C9C462 /* Pods_CarouselTables.framework */; };
		3D4311C26F7B8BFC5C8E321F /* Pods_CarouselTables_CarouselTablesUITests.framework in Frameworks */ = {isa = PBXBuildFile; fileRef = 12C68099B2A3ED475B0ABE34 /* Pods_CarouselTables_CarouselTablesUITests.framework */; };
		6C529DBF272B89B800AD9F42 /* OutLineCell.m in Sources */ = {isa = PBXBuildFile; fileRef = 6C529DBE272B89B800AD9F42 /* OutLineCell.m */; };
		EE1B3979272A969400F2BCEF /* AppDelegate.m in Sources */ = {isa = PBXBuildFile; fileRef = EE1B3978272A969400F2BCEF /* AppDelegate.m */; };
		EE1B397C272A969400F2BCEF /* SceneDelegate.m in Sources */ = {isa = PBXBuildFile; fileRef = EE1B397B272A969400F2BCEF /* SceneDelegate.m */; };
		EE1B3982272A969400F2BCEF /* Main.storyboard in Resources */ = {isa = PBXBuildFile; fileRef = EE1B3980272A969400F2BCEF /* Main.storyboard */; };
		EE1B3984272A969800F2BCEF /* Assets.xcassets in Resources */ = {isa = PBXBuildFile; fileRef = EE1B3983272A969800F2BCEF /* Assets.xcassets */; };
		EE1B3987272A969800F2BCEF /* LaunchScreen.storyboard in Resources */ = {isa = PBXBuildFile; fileRef = EE1B3985272A969800F2BCEF /* LaunchScreen.storyboard */; };
		EE1B398A272A969800F2BCEF /* main.m in Sources */ = {isa = PBXBuildFile; fileRef = EE1B3989272A969800F2BCEF /* main.m */; };
		EE1B3994272A969900F2BCEF /* CarouselTablesTests.m in Sources */ = {isa = PBXBuildFile; fileRef = EE1B3993272A969900F2BCEF /* CarouselTablesTests.m */; };
		EE1B399E272A969900F2BCEF /* CarouselTablesUITests.m in Sources */ = {isa = PBXBuildFile; fileRef = EE1B399D272A969900F2BCEF /* CarouselTablesUITests.m */; };
		EE1B39A0272A969900F2BCEF /* CarouselTablesUITestsLaunchTests.m in Sources */ = {isa = PBXBuildFile; fileRef = EE1B399F272A969900F2BCEF /* CarouselTablesUITestsLaunchTests.m */; };
		EE1B39B5272A985000F2BCEF /* SecondViewController.m in Sources */ = {isa = PBXBuildFile; fileRef = EE1B39B3272A985000F2BCEF /* SecondViewController.m */; };
		EE1B39BA272A9AFB00F2BCEF /* FirstViewController.m in Sources */ = {isa = PBXBuildFile; fileRef = EE1B39B8272A9AFB00F2BCEF /* FirstViewController.m */; };
		EE1B39BB272A9AFB00F2BCEF /* FirstViewController.xib in Resources */ = {isa = PBXBuildFile; fileRef = EE1B39B9272A9AFB00F2BCEF /* FirstViewController.xib */; };
		EE1B39BE272AA48C00F2BCEF /* OutlineScrollVIew.m in Sources */ = {isa = PBXBuildFile; fileRef = EE1B39BD272AA48C00F2BCEF /* OutlineScrollVIew.m */; };
		EE5A1EB1272BEE81000A9952 /* ThirdViewController.m in Sources */ = {isa = PBXBuildFile; fileRef = EE5A1EB0272BEE81000A9952 /* ThirdViewController.m */; };
		FC18D7C6E0B80107E9D055D0 /* Pods_CarouselTablesTests.framework in Frameworks */ = {isa = PBXBuildFile; fileRef = BACAA5E53B67DDF635EE9FC1 /* Pods_CarouselTablesTests.framework */; };
/* End PBXBuildFile section */

/* Begin PBXContainerItemProxy section */
		EE1B3990272A969900F2BCEF /* PBXContainerItemProxy */ = {
			isa = PBXContainerItemProxy;
			containerPortal = EE1B396C272A969400F2BCEF /* Project object */;
			proxyType = 1;
			remoteGlobalIDString = EE1B3973272A969400F2BCEF;
			remoteInfo = CarouselTables;
		};
		EE1B399A272A969900F2BCEF /* PBXContainerItemProxy */ = {
			isa = PBXContainerItemProxy;
			containerPortal = EE1B396C272A969400F2BCEF /* Project object */;
			proxyType = 1;
			remoteGlobalIDString = EE1B3973272A969400F2BCEF;
			remoteInfo = CarouselTables;
		};
/* End PBXContainerItemProxy section */

/* Begin PBXFileReference section */
		12C68099B2A3ED475B0ABE34 /* Pods_CarouselTables_CarouselTablesUITests.framework */ = {isa = PBXFileReference; explicitFileType = wrapper.framework; includeInIndex = 0; path = Pods_CarouselTables_CarouselTablesUITests.framework; sourceTree = BUILT_PRODUCTS_DIR; };
		2B2AFF97FC97D88A836C8F47 /* Pods-CarouselTables-CarouselTablesUITests.debug.xcconfig */ = {isa = PBXFileReference; includeInIndex = 1; lastKnownFileType = text.xcconfig; name = "Pods-CarouselTables-CarouselTablesUITests.debug.xcconfig"; path = "Target Support Files/Pods-CarouselTables-CarouselTablesUITests/Pods-CarouselTables-CarouselTablesUITests.debug.xcconfig"; sourceTree = "<group>"; };
		3E63FC02653B30BA07B29770 /* Pods-CarouselTablesTests.release.xcconfig */ = {isa = PBXFileReference; includeInIndex = 1; lastKnownFileType = text.xcconfig; name = "Pods-CarouselTablesTests.release.xcconfig"; path = "Target Support Files/Pods-CarouselTablesTests/Pods-CarouselTablesTests.release.xcconfig"; sourceTree = "<group>"; };
		50FE696AA2B66B83F7C9C462 /* Pods_CarouselTables.framework */ = {isa = PBXFileReference; explicitFileType = wrapper.framework; includeInIndex = 0; path = Pods_CarouselTables.framework; sourceTree = BUILT_PRODUCTS_DIR; };
		64F73F9B65632427FD07B9D1 /* Pods-CarouselTables-CarouselTablesUITests.release.xcconfig */ = {isa = PBXFileReference; includeInIndex = 1; lastKnownFileType = text.xcconfig; name = "Pods-CarouselTables-CarouselTablesUITests.release.xcconfig"; path = "Target Support Files/Pods-CarouselTables-CarouselTablesUITests/Pods-CarouselTables-CarouselTablesUITests.release.xcconfig"; sourceTree = "<group>"; };
		6C529DBD272B89B800AD9F42 /* OutLineCell.h */ = {isa = PBXFileReference; lastKnownFileType = sourcecode.c.h; path = OutLineCell.h; sourceTree = "<group>"; };
		6C529DBE272B89B800AD9F42 /* OutLineCell.m */ = {isa = PBXFileReference; lastKnownFileType = sourcecode.c.objc; path = OutLineCell.m; sourceTree = "<group>"; };
		8EDF6FAC791F4B9504BEAA76 /* Pods-CarouselTablesTests.debug.xcconfig */ = {isa = PBXFileReference; includeInIndex = 1; lastKnownFileType = text.xcconfig; name = "Pods-CarouselTablesTests.debug.xcconfig"; path = "Target Support Files/Pods-CarouselTablesTests/Pods-CarouselTablesTests.debug.xcconfig"; sourceTree = "<group>"; };
		BACAA5E53B67DDF635EE9FC1 /* Pods_CarouselTablesTests.framework */ = {isa = PBXFileReference; explicitFileType = wrapper.framework; includeInIndex = 0; path = Pods_CarouselTablesTests.framework; sourceTree = BUILT_PRODUCTS_DIR; };
		E758FEC6DCFCB99580355690 /* Pods-CarouselTables.release.xcconfig */ = {isa = PBXFileReference; includeInIndex = 1; lastKnownFileType = text.xcconfig; name = "Pods-CarouselTables.release.xcconfig"; path = "Target Support Files/Pods-CarouselTables/Pods-CarouselTables.release.xcconfig"; sourceTree = "<group>"; };
		EAA89FACE019ABCD34B9AF9E /* Pods-CarouselTables.debug.xcconfig */ = {isa = PBXFileReference; includeInIndex = 1; lastKnownFileType = text.xcconfig; name = "Pods-CarouselTables.debug.xcconfig"; path = "Target Support Files/Pods-CarouselTables/Pods-CarouselTables.debug.xcconfig"; sourceTree = "<group>"; };
		EE1B3974272A969400F2BCEF /* CarouselTables.app */ = {isa = PBXFileReference; explicitFileType = wrapper.application; includeInIndex = 0; path = CarouselTables.app; sourceTree = BUILT_PRODUCTS_DIR; };
		EE1B3977272A969400F2BCEF /* AppDelegate.h */ = {isa = PBXFileReference; lastKnownFileType = sourcecode.c.h; path = AppDelegate.h; sourceTree = "<group>"; };
		EE1B3978272A969400F2BCEF /* AppDelegate.m */ = {isa = PBXFileReference; lastKnownFileType = sourcecode.c.objc; path = AppDelegate.m; sourceTree = "<group>"; };
		EE1B397A272A969400F2BCEF /* SceneDelegate.h */ = {isa = PBXFileReference; lastKnownFileType = sourcecode.c.h; path = SceneDelegate.h; sourceTree = "<group>"; };
		EE1B397B272A969400F2BCEF /* SceneDelegate.m */ = {isa = PBXFileReference; lastKnownFileType = sourcecode.c.objc; path = SceneDelegate.m; sourceTree = "<group>"; };
		EE1B3981272A969400F2BCEF /* Base */ = {isa = PBXFileReference; lastKnownFileType = file.storyboard; name = Base; path = Base.lproj/Main.storyboard; sourceTree = "<group>"; };
		EE1B3983272A969800F2BCEF /* Assets.xcassets */ = {isa = PBXFileReference; lastKnownFileType = folder.assetcatalog; path = Assets.xcassets; sourceTree = "<group>"; };
		EE1B3986272A969800F2BCEF /* Base */ = {isa = PBXFileReference; lastKnownFileType = file.storyboard; name = Base; path = Base.lproj/LaunchScreen.storyboard; sourceTree = "<group>"; };
		EE1B3988272A969800F2BCEF /* Info.plist */ = {isa = PBXFileReference; lastKnownFileType = text.plist.xml; path = Info.plist; sourceTree = "<group>"; };
		EE1B3989272A969800F2BCEF /* main.m */ = {isa = PBXFileReference; lastKnownFileType = sourcecode.c.objc; path = main.m; sourceTree = "<group>"; };
		EE1B398F272A969900F2BCEF /* CarouselTablesTests.xctest */ = {isa = PBXFileReference; explicitFileType = wrapper.cfbundle; includeInIndex = 0; path = CarouselTablesTests.xctest; sourceTree = BUILT_PRODUCTS_DIR; };
		EE1B3993272A969900F2BCEF /* CarouselTablesTests.m */ = {isa = PBXFileReference; lastKnownFileType = sourcecode.c.objc; path = CarouselTablesTests.m; sourceTree = "<group>"; };
		EE1B3999272A969900F2BCEF /* CarouselTablesUITests.xctest */ = {isa = PBXFileReference; explicitFileType = wrapper.cfbundle; includeInIndex = 0; path = CarouselTablesUITests.xctest; sourceTree = BUILT_PRODUCTS_DIR; };
		EE1B399D272A969900F2BCEF /* CarouselTablesUITests.m */ = {isa = PBXFileReference; lastKnownFileType = sourcecode.c.objc; path = CarouselTablesUITests.m; sourceTree = "<group>"; };
		EE1B399F272A969900F2BCEF /* CarouselTablesUITestsLaunchTests.m */ = {isa = PBXFileReference; lastKnownFileType = sourcecode.c.objc; path = CarouselTablesUITestsLaunchTests.m; sourceTree = "<group>"; };
		EE1B39B2272A985000F2BCEF /* SecondViewController.h */ = {isa = PBXFileReference; lastKnownFileType = sourcecode.c.h; path = SecondViewController.h; sourceTree = "<group>"; };
		EE1B39B3272A985000F2BCEF /* SecondViewController.m */ = {isa = PBXFileReference; lastKnownFileType = sourcecode.c.objc; path = SecondViewController.m; sourceTree = "<group>"; };
		EE1B39B7272A9AFB00F2BCEF /* FirstViewController.h */ = {isa = PBXFileReference; lastKnownFileType = sourcecode.c.h; path = FirstViewController.h; sourceTree = "<group>"; };
		EE1B39B8272A9AFB00F2BCEF /* FirstViewController.m */ = {isa = PBXFileReference; lastKnownFileType = sourcecode.c.objc; path = FirstViewController.m; sourceTree = "<group>"; };
		EE1B39B9272A9AFB00F2BCEF /* FirstViewController.xib */ = {isa = PBXFileReference; lastKnownFileType = file.xib; path = FirstViewController.xib; sourceTree = "<group>"; };
		EE1B39BC272AA48C00F2BCEF /* OutlineScrollVIew.h */ = {isa = PBXFileReference; lastKnownFileType = sourcecode.c.h; path = OutlineScrollVIew.h; sourceTree = "<group>"; };
		EE1B39BD272AA48C00F2BCEF /* OutlineScrollVIew.m */ = {isa = PBXFileReference; lastKnownFileType = sourcecode.c.objc; path = OutlineScrollVIew.m; sourceTree = "<group>"; };
		EE5A1EAF272BEE81000A9952 /* ThirdViewController.h */ = {isa = PBXFileReference; lastKnownFileType = sourcecode.c.h; path = ThirdViewController.h; sourceTree = "<group>"; };
		EE5A1EB0272BEE81000A9952 /* ThirdViewController.m */ = {isa = PBXFileReference; lastKnownFileType = sourcecode.c.objc; path = ThirdViewController.m; sourceTree = "<group>"; };
/* End PBXFileReference section */

/* Begin PBXFrameworksBuildPhase section */
		EE1B3971272A969400F2BCEF /* Frameworks */ = {
			isa = PBXFrameworksBuildPhase;
			buildActionMask = 2147483647;
			files = (
				2F591770C8E3C3A6B8A50DA1 /* Pods_CarouselTables.framework in Frameworks */,
			);
			runOnlyForDeploymentPostprocessing = 0;
		};
		EE1B398C272A969900F2BCEF /* Frameworks */ = {
			isa = PBXFrameworksBuildPhase;
			buildActionMask = 2147483647;
			files = (
				FC18D7C6E0B80107E9D055D0 /* Pods_CarouselTablesTests.framework in Frameworks */,
			);
			runOnlyForDeploymentPostprocessing = 0;
		};
		EE1B3996272A969900F2BCEF /* Frameworks */ = {
			isa = PBXFrameworksBuildPhase;
			buildActionMask = 2147483647;
			files = (
				3D4311C26F7B8BFC5C8E321F /* Pods_CarouselTables_CarouselTablesUITests.framework in Frameworks */,
			);
			runOnlyForDeploymentPostprocessing = 0;
		};
/* End PBXFrameworksBuildPhase section */

/* Begin PBXGroup section */
		4EC978A84B264B8CBA76C985 /* Pods */ = {
			isa = PBXGroup;
			children = (
				EAA89FACE019ABCD34B9AF9E /* Pods-CarouselTables.debug.xcconfig */,
				E758FEC6DCFCB99580355690 /* Pods-CarouselTables.release.xcconfig */,
				2B2AFF97FC97D88A836C8F47 /* Pods-CarouselTables-CarouselTablesUITests.debug.xcconfig */,
				64F73F9B65632427FD07B9D1 /* Pods-CarouselTables-CarouselTablesUITests.release.xcconfig */,
				8EDF6FAC791F4B9504BEAA76 /* Pods-CarouselTablesTests.debug.xcconfig */,
				3E63FC02653B30BA07B29770 /* Pods-CarouselTablesTests.release.xcconfig */,
			);
			path = Pods;
			sourceTree = "<group>";
		};
		54DD22CEA83862F96EE7D3BE /* Frameworks */ = {
			isa = PBXGroup;
			children = (
				50FE696AA2B66B83F7C9C462 /* Pods_CarouselTables.framework */,
				12C68099B2A3ED475B0ABE34 /* Pods_CarouselTables_CarouselTablesUITests.framework */,
				BACAA5E53B67DDF635EE9FC1 /* Pods_CarouselTablesTests.framework */,
			);
			name = Frameworks;
			sourceTree = "<group>";
		};
		EE1B396B272A969400F2BCEF = {
			isa = PBXGroup;
			children = (
				EE1B3976272A969400F2BCEF /* CarouselTables */,
				EE1B3992272A969900F2BCEF /* CarouselTablesTests */,
				EE1B399C272A969900F2BCEF /* CarouselTablesUITests */,
				EE1B3975272A969400F2BCEF /* Products */,
				4EC978A84B264B8CBA76C985 /* Pods */,
				54DD22CEA83862F96EE7D3BE /* Frameworks */,
			);
			sourceTree = "<group>";
		};
		EE1B3975272A969400F2BCEF /* Products */ = {
			isa = PBXGroup;
			children = (
				EE1B3974272A969400F2BCEF /* CarouselTables.app */,
				EE1B398F272A969900F2BCEF /* CarouselTablesTests.xctest */,
				EE1B3999272A969900F2BCEF /* CarouselTablesUITests.xctest */,
			);
			name = Products;
			sourceTree = "<group>";
		};
		EE1B3976272A969400F2BCEF /* CarouselTables */ = {
			isa = PBXGroup;
			children = (
				EE1B3977272A969400F2BCEF /* AppDelegate.h */,
				EE1B3978272A969400F2BCEF /* AppDelegate.m */,
				EE1B397A272A969400F2BCEF /* SceneDelegate.h */,
				EE1B397B272A969400F2BCEF /* SceneDelegate.m */,
				EE1B39B7272A9AFB00F2BCEF /* FirstViewController.h */,
				EE1B39B8272A9AFB00F2BCEF /* FirstViewController.m */,
				EE1B39B9272A9AFB00F2BCEF /* FirstViewController.xib */,
				EE1B39B2272A985000F2BCEF /* SecondViewController.h */,
				EE1B39B3272A985000F2BCEF /* SecondViewController.m */,
				EE1B39BC272AA48C00F2BCEF /* OutlineScrollVIew.h */,
				EE1B39BD272AA48C00F2BCEF /* OutlineScrollVIew.m */,
				6C529DBD272B89B800AD9F42 /* OutLineCell.h */,
				6C529DBE272B89B800AD9F42 /* OutLineCell.m */,
				EE5A1EAF272BEE81000A9952 /* ThirdViewController.h */,
				EE5A1EB0272BEE81000A9952 /* ThirdViewController.m */,
				EE1B3980272A969400F2BCEF /* Main.storyboard */,
				EE1B3983272A969800F2BCEF /* Assets.xcassets */,
				EE1B3985272A969800F2BCEF /* LaunchScreen.storyboard */,
				EE1B3988272A969800F2BCEF /* Info.plist */,
				EE1B3989272A969800F2BCEF /* main.m */,
			);
			path = CarouselTables;
			sourceTree = "<group>";
		};
		EE1B3992272A969900F2BCEF /* CarouselTablesTests */ = {
			isa = PBXGroup;
			children = (
				EE1B3993272A969900F2BCEF /* CarouselTablesTests.m */,
			);
			path = CarouselTablesTests;
			sourceTree = "<group>";
		};
		EE1B399C272A969900F2BCEF /* CarouselTablesUITests */ = {
			isa = PBXGroup;
			children = (
				EE1B399D272A969900F2BCEF /* CarouselTablesUITests.m */,
				EE1B399F272A969900F2BCEF /* CarouselTablesUITestsLaunchTests.m */,
			);
			path = CarouselTablesUITests;
			sourceTree = "<group>";
		};
/* End PBXGroup section */

/* Begin PBXNativeTarget section */
		EE1B3973272A969400F2BCEF /* CarouselTables */ = {
			isa = PBXNativeTarget;
			buildConfigurationList = EE1B39A3272A969900F2BCEF /* Build configuration list for PBXNativeTarget "CarouselTables" */;
			buildPhases = (
				3CAB78D8E658557581750448 /* [CP] Check Pods Manifest.lock */,
				EE1B3970272A969400F2BCEF /* Sources */,
				EE1B3971272A969400F2BCEF /* Frameworks */,
				EE1B3972272A969400F2BCEF /* Resources */,
				9E1365DB4D96B3C0E0E03C08 /* [CP] Embed Pods Frameworks */,
			);
			buildRules = (
			);
			dependencies = (
			);
			name = CarouselTables;
			productName = CarouselTables;
			productReference = EE1B3974272A969400F2BCEF /* CarouselTables.app */;
			productType = "com.apple.product-type.application";
		};
		EE1B398E272A969900F2BCEF /* CarouselTablesTests */ = {
			isa = PBXNativeTarget;
			buildConfigurationList = EE1B39A6272A969900F2BCEF /* Build configuration list for PBXNativeTarget "CarouselTablesTests" */;
			buildPhases = (
				6102F5670F578E05CAD4CF11 /* [CP] Check Pods Manifest.lock */,
				EE1B398B272A969900F2BCEF /* Sources */,
				EE1B398C272A969900F2BCEF /* Frameworks */,
				EE1B398D272A969900F2BCEF /* Resources */,
			);
			buildRules = (
			);
			dependencies = (
				EE1B3991272A969900F2BCEF /* PBXTargetDependency */,
			);
			name = CarouselTablesTests;
			productName = CarouselTablesTests;
			productReference = EE1B398F272A969900F2BCEF /* CarouselTablesTests.xctest */;
			productType = "com.apple.product-type.bundle.unit-test";
		};
		EE1B3998272A969900F2BCEF /* CarouselTablesUITests */ = {
			isa = PBXNativeTarget;
			buildConfigurationList = EE1B39A9272A969900F2BCEF /* Build configuration list for PBXNativeTarget "CarouselTablesUITests" */;
			buildPhases = (
				ABE2EDB87E96CE21312388A4 /* [CP] Check Pods Manifest.lock */,
				EE1B3995272A969900F2BCEF /* Sources */,
				EE1B3996272A969900F2BCEF /* Frameworks */,
				EE1B3997272A969900F2BCEF /* Resources */,
				46785BCED3D49DA75934C060 /* [CP] Embed Pods Frameworks */,
			);
			buildRules = (
			);
			dependencies = (
				EE1B399B272A969900F2BCEF /* PBXTargetDependency */,
			);
			name = CarouselTablesUITests;
			productName = CarouselTablesUITests;
			productReference = EE1B3999272A969900F2BCEF /* CarouselTablesUITests.xctest */;
			productType = "com.apple.product-type.bundle.ui-testing";
		};
/* End PBXNativeTarget section */

/* Begin PBXProject section */
		EE1B396C272A969400F2BCEF /* Project object */ = {
			isa = PBXProject;
			attributes = {
				BuildIndependentTargetsInParallel = 1;
				LastUpgradeCheck = 1300;
				TargetAttributes = {
					EE1B3973272A969400F2BCEF = {
						CreatedOnToolsVersion = 13.0;
					};
					EE1B398E272A969900F2BCEF = {
						CreatedOnToolsVersion = 13.0;
						TestTargetID = EE1B3973272A969400F2BCEF;
					};
					EE1B3998272A969900F2BCEF = {
						CreatedOnToolsVersion = 13.0;
						TestTargetID = EE1B3973272A969400F2BCEF;
					};
				};
			};
			buildConfigurationList = EE1B396F272A969400F2BCEF /* Build configuration list for PBXProject "CarouselTables" */;
			compatibilityVersion = "Xcode 13.0";
			developmentRegion = en;
			hasScannedForEncodings = 0;
			knownRegions = (
				en,
				Base,
			);
			mainGroup = EE1B396B272A969400F2BCEF;
			productRefGroup = EE1B3975272A969400F2BCEF /* Products */;
			projectDirPath = "";
			projectRoot = "";
			targets = (
				EE1B3973272A969400F2BCEF /* CarouselTables */,
				EE1B398E272A969900F2BCEF /* CarouselTablesTests */,
				EE1B3998272A969900F2BCEF /* CarouselTablesUITests */,
			);
		};
/* End PBXProject section */

/* Begin PBXResourcesBuildPhase section */
		EE1B3972272A969400F2BCEF /* Resources */ = {
			isa = PBXResourcesBuildPhase;
			buildActionMask = 2147483647;
			files = (
				EE1B39BB272A9AFB00F2BCEF /* FirstViewController.xib in Resources */,
				EE1B3987272A969800F2BCEF /* LaunchScreen.storyboard in Resources */,
				EE1B3984272A969800F2BCEF /* Assets.xcassets in Resources */,
				EE1B3982272A969400F2BCEF /* Main.storyboard in Resources */,
			);
			runOnlyForDeploymentPostprocessing = 0;
		};
		EE1B398D272A969900F2BCEF /* Resources */ = {
			isa = PBXResourcesBuildPhase;
			buildActionMask = 2147483647;
			files = (
			);
			runOnlyForDeploymentPostprocessing = 0;
		};
		EE1B3997272A969900F2BCEF /* Resources */ = {
			isa = PBXResourcesBuildPhase;
			buildActionMask = 2147483647;
			files = (
			);
			runOnlyForDeploymentPostprocessing = 0;
		};
/* End PBXResourcesBuildPhase section */

/* Begin PBXShellScriptBuildPhase section */
		3CAB78D8E658557581750448 /* [CP] Check Pods Manifest.lock */ = {
			isa = PBXShellScriptBuildPhase;
			buildActionMask = 2147483647;
			files = (
			);
			inputFileListPaths = (
			);
			inputPaths = (
				"${PODS_PODFILE_DIR_PATH}/Podfile.lock",
				"${PODS_ROOT}/Manifest.lock",
			);
			name = "[CP] Check Pods Manifest.lock";
			outputFileListPaths = (
			);
			outputPaths = (
				"$(DERIVED_FILE_DIR)/Pods-CarouselTables-checkManifestLockResult.txt",
			);
			runOnlyForDeploymentPostprocessing = 0;
			shellPath = /bin/sh;
			shellScript = "diff \"${PODS_PODFILE_DIR_PATH}/Podfile.lock\" \"${PODS_ROOT}/Manifest.lock\" > /dev/null\nif [ $? != 0 ] ; then\n    # print error to STDERR\n    echo \"error: The sandbox is not in sync with the Podfile.lock. Run 'pod install' or update your CocoaPods installation.\" >&2\n    exit 1\nfi\n# This output is used by Xcode 'outputs' to avoid re-running this script phase.\necho \"SUCCESS\" > \"${SCRIPT_OUTPUT_FILE_0}\"\n";
			showEnvVarsInLog = 0;
		};
		46785BCED3D49DA75934C060 /* [CP] Embed Pods Frameworks */ = {
			isa = PBXShellScriptBuildPhase;
			buildActionMask = 2147483647;
			files = (
			);
			inputFileListPaths = (
				"${PODS_ROOT}/Target Support Files/Pods-CarouselTables-CarouselTablesUITests/Pods-CarouselTables-CarouselTablesUITests-frameworks-${CONFIGURATION}-input-files.xcfilelist",
			);
			name = "[CP] Embed Pods Frameworks";
			outputFileListPaths = (
				"${PODS_ROOT}/Target Support Files/Pods-CarouselTables-CarouselTablesUITests/Pods-CarouselTables-CarouselTablesUITests-frameworks-${CONFIGURATION}-output-files.xcfilelist",
			);
			runOnlyForDeploymentPostprocessing = 0;
			shellPath = /bin/sh;
			shellScript = "\"${PODS_ROOT}/Target Support Files/Pods-CarouselTables-CarouselTablesUITests/Pods-CarouselTables-CarouselTablesUITests-frameworks.sh\"\n";
			showEnvVarsInLog = 0;
		};
		6102F5670F578E05CAD4CF11 /* [CP] Check Pods Manifest.lock */ = {
			isa = PBXShellScriptBuildPhase;
			buildActionMask = 2147483647;
			files = (
			);
			inputFileListPaths = (
			);
			inputPaths = (
				"${PODS_PODFILE_DIR_PATH}/Podfile.lock",
				"${PODS_ROOT}/Manifest.lock",
			);
			name = "[CP] Check Pods Manifest.lock";
			outputFileListPaths = (
			);
			outputPaths = (
				"$(DERIVED_FILE_DIR)/Pods-CarouselTablesTests-checkManifestLockResult.txt",
			);
			runOnlyForDeploymentPostprocessing = 0;
			shellPath = /bin/sh;
			shellScript = "diff \"${PODS_PODFILE_DIR_PATH}/Podfile.lock\" \"${PODS_ROOT}/Manifest.lock\" > /dev/null\nif [ $? != 0 ] ; then\n    # print error to STDERR\n    echo \"error: The sandbox is not in sync with the Podfile.lock. Run 'pod install' or update your CocoaPods installation.\" >&2\n    exit 1\nfi\n# This output is used by Xcode 'outputs' to avoid re-running this script phase.\necho \"SUCCESS\" > \"${SCRIPT_OUTPUT_FILE_0}\"\n";
			showEnvVarsInLog = 0;
		};
		9E1365DB4D96B3C0E0E03C08 /* [CP] Embed Pods Frameworks */ = {
			isa = PBXShellScriptBuildPhase;
			buildActionMask = 2147483647;
			files = (
			);
			inputFileListPaths = (
				"${PODS_ROOT}/Target Support Files/Pods-CarouselTables/Pods-CarouselTables-frameworks-${CONFIGURATION}-input-files.xcfilelist",
			);
			name = "[CP] Embed Pods Frameworks";
			outputFileListPaths = (
				"${PODS_ROOT}/Target Support Files/Pods-CarouselTables/Pods-CarouselTables-frameworks-${CONFIGURATION}-output-files.xcfilelist",
			);
			runOnlyForDeploymentPostprocessing = 0;
			shellPath = /bin/sh;
			shellScript = "\"${PODS_ROOT}/Target Support Files/Pods-CarouselTables/Pods-CarouselTables-frameworks.sh\"\n";
			showEnvVarsInLog = 0;
		};
		ABE2EDB87E96CE21312388A4 /* [CP] Check Pods Manifest.lock */ = {
			isa = PBXShellScriptBuildPhase;
			buildActionMask = 2147483647;
			files = (
			);
			inputFileListPaths = (
			);
			inputPaths = (
				"${PODS_PODFILE_DIR_PATH}/Podfile.lock",
				"${PODS_ROOT}/Manifest.lock",
			);
			name = "[CP] Check Pods Manifest.lock";
			outputFileListPaths = (
			);
			outputPaths = (
				"$(DERIVED_FILE_DIR)/Pods-CarouselTables-CarouselTablesUITests-checkManifestLockResult.txt",
			);
			runOnlyForDeploymentPostprocessing = 0;
			shellPath = /bin/sh;
			shellScript = "diff \"${PODS_PODFILE_DIR_PATH}/Podfile.lock\" \"${PODS_ROOT}/Manifest.lock\" > /dev/null\nif [ $? != 0 ] ; then\n    # print error to STDERR\n    echo \"error: The sandbox is not in sync with the Podfile.lock. Run 'pod install' or update your CocoaPods installation.\" >&2\n    exit 1\nfi\n# This output is used by Xcode 'outputs' to avoid re-running this script phase.\necho \"SUCCESS\" > \"${SCRIPT_OUTPUT_FILE_0}\"\n";
			showEnvVarsInLog = 0;
		};
/* End PBXShellScriptBuildPhase section */

/* Begin PBXSourcesBuildPhase section */
		EE1B3970272A969400F2BCEF /* Sources */ = {
			isa = PBXSourcesBuildPhase;
			buildActionMask = 2147483647;
			files = (
				EE1B39B5272A985000F2BCEF /* SecondViewController.m in Sources */,
				EE1B3979272A969400F2BCEF /* AppDelegate.m in Sources */,
				EE5A1EB1272BEE81000A9952 /* ThirdViewController.m in Sources */,
				EE1B39BA272A9AFB00F2BCEF /* FirstViewController.m in Sources */,
				EE1B398A272A969800F2BCEF /* main.m in Sources */,
				6C529DBF272B89B800AD9F42 /* OutLineCell.m in Sources */,
				EE1B39BE272AA48C00F2BCEF /* OutlineScrollVIew.m in Sources */,
				EE1B397C272A969400F2BCEF /* SceneDelegate.m in Sources */,
			);
			runOnlyForDeploymentPostprocessing = 0;
		};
		EE1B398B272A969900F2BCEF /* Sources */ = {
			isa = PBXSourcesBuildPhase;
			buildActionMask = 2147483647;
			files = (
				EE1B3994272A969900F2BCEF /* CarouselTablesTests.m in Sources */,
			);
			runOnlyForDeploymentPostprocessing = 0;
		};
		EE1B3995272A969900F2BCEF /* Sources */ = {
			isa = PBXSourcesBuildPhase;
			buildActionMask = 2147483647;
			files = (
				EE1B399E272A969900F2BCEF /* CarouselTablesUITests.m in Sources */,
				EE1B39A0272A969900F2BCEF /* CarouselTablesUITestsLaunchTests.m in Sources */,
			);
			runOnlyForDeploymentPostprocessing = 0;
		};
/* End PBXSourcesBuildPhase section */

/* Begin PBXTargetDependency section */
		EE1B3991272A969900F2BCEF /* PBXTargetDependency */ = {
			isa = PBXTargetDependency;
			target = EE1B3973272A969400F2BCEF /* CarouselTables */;
			targetProxy = EE1B3990272A969900F2BCEF /* PBXContainerItemProxy */;
		};
		EE1B399B272A969900F2BCEF /* PBXTargetDependency */ = {
			isa = PBXTargetDependency;
			target = EE1B3973272A969400F2BCEF /* CarouselTables */;
			targetProxy = EE1B399A272A969900F2BCEF /* PBXContainerItemProxy */;
		};
/* End PBXTargetDependency section */

/* Begin PBXVariantGroup section */
		EE1B3980272A969400F2BCEF /* Main.storyboard */ = {
			isa = PBXVariantGroup;
			children = (
				EE1B3981272A969400F2BCEF /* Base */,
			);
			name = Main.storyboard;
			sourceTree = "<group>";
		};
		EE1B3985272A969800F2BCEF /* LaunchScreen.storyboard */ = {
			isa = PBXVariantGroup;
			children = (
				EE1B3986272A969800F2BCEF /* Base */,
			);
			name = LaunchScreen.storyboard;
			sourceTree = "<group>";
		};
/* End PBXVariantGroup section */

/* Begin XCBuildConfiguration section */
		EE1B39A1272A969900F2BCEF /* Debug */ = {
			isa = XCBuildConfiguration;
			buildSettings = {
				ALWAYS_SEARCH_USER_PATHS = NO;
				CLANG_ANALYZER_NONNULL = YES;
				CLANG_ANALYZER_NUMBER_OBJECT_CONVERSION = YES_AGGRESSIVE;
				CLANG_CXX_LANGUAGE_STANDARD = "gnu++17";
				CLANG_CXX_LIBRARY = "libc++";
				CLANG_ENABLE_MODULES = YES;
				CLANG_ENABLE_OBJC_ARC = YES;
				CLANG_ENABLE_OBJC_WEAK = YES;
				CLANG_WARN_BLOCK_CAPTURE_AUTORELEASING = YES;
				CLANG_WARN_BOOL_CONVERSION = YES;
				CLANG_WARN_COMMA = YES;
				CLANG_WARN_CONSTANT_CONVERSION = YES;
				CLANG_WARN_DEPRECATED_OBJC_IMPLEMENTATIONS = YES;
				CLANG_WARN_DIRECT_OBJC_ISA_USAGE = YES_ERROR;
				CLANG_WARN_DOCUMENTATION_COMMENTS = YES;
				CLANG_WARN_EMPTY_BODY = YES;
				CLANG_WARN_ENUM_CONVERSION = YES;
				CLANG_WARN_INFINITE_RECURSION = YES;
				CLANG_WARN_INT_CONVERSION = YES;
				CLANG_WARN_NON_LITERAL_NULL_CONVERSION = YES;
				CLANG_WARN_OBJC_IMPLICIT_RETAIN_SELF = YES;
				CLANG_WARN_OBJC_LITERAL_CONVERSION = YES;
				CLANG_WARN_OBJC_ROOT_CLASS = YES_ERROR;
				CLANG_WARN_QUOTED_INCLUDE_IN_FRAMEWORK_HEADER = YES;
				CLANG_WARN_RANGE_LOOP_ANALYSIS = YES;
				CLANG_WARN_STRICT_PROTOTYPES = YES;
				CLANG_WARN_SUSPICIOUS_MOVE = YES;
				CLANG_WARN_UNGUARDED_AVAILABILITY = YES_AGGRESSIVE;
				CLANG_WARN_UNREACHABLE_CODE = YES;
				CLANG_WARN__DUPLICATE_METHOD_MATCH = YES;
				COPY_PHASE_STRIP = NO;
				DEBUG_INFORMATION_FORMAT = dwarf;
				ENABLE_STRICT_OBJC_MSGSEND = YES;
				ENABLE_TESTABILITY = YES;
				GCC_C_LANGUAGE_STANDARD = gnu11;
				GCC_DYNAMIC_NO_PIC = NO;
				GCC_NO_COMMON_BLOCKS = YES;
				GCC_OPTIMIZATION_LEVEL = 0;
				GCC_PREPROCESSOR_DEFINITIONS = (
					"DEBUG=1",
					"$(inherited)",
				);
				GCC_WARN_64_TO_32_BIT_CONVERSION = YES;
				GCC_WARN_ABOUT_RETURN_TYPE = YES_ERROR;
				GCC_WARN_UNDECLARED_SELECTOR = YES;
				GCC_WARN_UNINITIALIZED_AUTOS = YES_AGGRESSIVE;
				GCC_WARN_UNUSED_FUNCTION = YES;
				GCC_WARN_UNUSED_VARIABLE = YES;
				IPHONEOS_DEPLOYMENT_TARGET = 15.0;
				MTL_ENABLE_DEBUG_INFO = INCLUDE_SOURCE;
				MTL_FAST_MATH = YES;
				ONLY_ACTIVE_ARCH = YES;
				SDKROOT = iphoneos;
			};
			name = Debug;
		};
		EE1B39A2272A969900F2BCEF /* Release */ = {
			isa = XCBuildConfiguration;
			buildSettings = {
				ALWAYS_SEARCH_USER_PATHS = NO;
				CLANG_ANALYZER_NONNULL = YES;
				CLANG_ANALYZER_NUMBER_OBJECT_CONVERSION = YES_AGGRESSIVE;
				CLANG_CXX_LANGUAGE_STANDARD = "gnu++17";
				CLANG_CXX_LIBRARY = "libc++";
				CLANG_ENABLE_MODULES = YES;
				CLANG_ENABLE_OBJC_ARC = YES;
				CLANG_ENABLE_OBJC_WEAK = YES;
				CLANG_WARN_BLOCK_CAPTURE_AUTORELEASING = YES;
				CLANG_WARN_BOOL_CONVERSION = YES;
				CLANG_WARN_COMMA = YES;
				CLANG_WARN_CONSTANT_CONVERSION = YES;
				CLANG_WARN_DEPRECATED_OBJC_IMPLEMENTATIONS = YES;
				CLANG_WARN_DIRECT_OBJC_ISA_USAGE = YES_ERROR;
				CLANG_WARN_DOCUMENTATION_COMMENTS = YES;
				CLANG_WARN_EMPTY_BODY = YES;
				CLANG_WARN_ENUM_CONVERSION = YES;
				CLANG_WARN_INFINITE_RECURSION = YES;
				CLANG_WARN_INT_CONVERSION = YES;
				CLANG_WARN_NON_LITERAL_NULL_CONVERSION = YES;
				CLANG_WARN_OBJC_IMPLICIT_RETAIN_SELF = YES;
				CLANG_WARN_OBJC_LITERAL_CONVERSION = YES;
				CLANG_WARN_OBJC_ROOT_CLASS = YES_ERROR;
				CLANG_WARN_QUOTED_INCLUDE_IN_FRAMEWORK_HEADER = YES;
				CLANG_WARN_RANGE_LOOP_ANALYSIS = YES;
				CLANG_WARN_STRICT_PROTOTYPES = YES;
				CLANG_WARN_SUSPICIOUS_MOVE = YES;
				CLANG_WARN_UNGUARDED_AVAILABILITY = YES_AGGRESSIVE;
				CLANG_WARN_UNREACHABLE_CODE = YES;
				CLANG_WARN__DUPLICATE_METHOD_MATCH = YES;
				COPY_PHASE_STRIP = NO;
				DEBUG_INFORMATION_FORMAT = "dwarf-with-dsym";
				ENABLE_NS_ASSERTIONS = NO;
				ENABLE_STRICT_OBJC_MSGSEND = YES;
				GCC_C_LANGUAGE_STANDARD = gnu11;
				GCC_NO_COMMON_BLOCKS = YES;
				GCC_WARN_64_TO_32_BIT_CONVERSION = YES;
				GCC_WARN_ABOUT_RETURN_TYPE = YES_ERROR;
				GCC_WARN_UNDECLARED_SELECTOR = YES;
				GCC_WARN_UNINITIALIZED_AUTOS = YES_AGGRESSIVE;
				GCC_WARN_UNUSED_FUNCTION = YES;
				GCC_WARN_UNUSED_VARIABLE = YES;
				IPHONEOS_DEPLOYMENT_TARGET = 15.0;
				MTL_ENABLE_DEBUG_INFO = NO;
				MTL_FAST_MATH = YES;
				SDKROOT = iphoneos;
				VALIDATE_PRODUCT = YES;
			};
			name = Release;
		};
		EE1B39A4272A969900F2BCEF /* Debug */ = {
			isa = XCBuildConfiguration;
			baseConfigurationReference = EAA89FACE019ABCD34B9AF9E /* Pods-CarouselTables.debug.xcconfig */;
			buildSettings = {
				ASSETCATALOG_COMPILER_APPICON_NAME = AppIcon;
				ASSETCATALOG_COMPILER_GLOBAL_ACCENT_COLOR_NAME = AccentColor;
				CODE_SIGN_STYLE = Automatic;
				CURRENT_PROJECT_VERSION = 1;
				DEVELOPMENT_TEAM = 53353F8EY8;
				GENERATE_INFOPLIST_FILE = YES;
				INFOPLIST_FILE = CarouselTables/Info.plist;
				INFOPLIST_KEY_UIApplicationSupportsIndirectInputEvents = YES;
				INFOPLIST_KEY_UILaunchStoryboardName = LaunchScreen;
				INFOPLIST_KEY_UIMainStoryboardFile = Main;
				INFOPLIST_KEY_UISupportedInterfaceOrientations_iPad = "UIInterfaceOrientationPortrait UIInterfaceOrientationPortraitUpsideDown UIInterfaceOrientationLandscapeLeft UIInterfaceOrientationLandscapeRight";
				INFOPLIST_KEY_UISupportedInterfaceOrientations_iPhone = "UIInterfaceOrientationPortrait UIInterfaceOrientationLandscapeLeft UIInterfaceOrientationLandscapeRight";
				LD_RUNPATH_SEARCH_PATHS = (
					"$(inherited)",
					"@executable_path/Frameworks",
				);
				MARKETING_VERSION = 1.0;
				PRODUCT_BUNDLE_IDENTIFIER = aaa.CarouselTables;
				PRODUCT_NAME = "$(TARGET_NAME)";
				SWIFT_EMIT_LOC_STRINGS = YES;
				TARGETED_DEVICE_FAMILY = "1,2";
			};
			name = Debug;
		};
		EE1B39A5272A969900F2BCEF /* Release */ = {
			isa = XCBuildConfiguration;
			baseConfigurationReference = E758FEC6DCFCB99580355690 /* Pods-CarouselTables.release.xcconfig */;
			buildSettings = {
				ASSETCATALOG_COMPILER_APPICON_NAME = AppIcon;
				ASSETCATALOG_COMPILER_GLOBAL_ACCENT_COLOR_NAME = AccentColor;
				CODE_SIGN_STYLE = Automatic;
				CURRENT_PROJECT_VERSION = 1;
				DEVELOPMENT_TEAM = 53353F8EY8;
				GENERATE_INFOPLIST_FILE = YES;
				INFOPLIST_FILE = CarouselTables/Info.plist;
				INFOPLIST_KEY_UIApplicationSupportsIndirectInputEvents = YES;
				INFOPLIST_KEY_UILaunchStoryboardName = LaunchScreen;
				INFOPLIST_KEY_UIMainStoryboardFile = Main;
				INFOPLIST_KEY_UISupportedInterfaceOrientations_iPad = "UIInterfaceOrientationPortrait UIInterfaceOrientationPortraitUpsideDown UIInterfaceOrientationLandscapeLeft UIInterfaceOrientationLandscapeRight";
				INFOPLIST_KEY_UISupportedInterfaceOrientations_iPhone = "UIInterfaceOrientationPortrait UIInterfaceOrientationLandscapeLeft UIInterfaceOrientationLandscapeRight";
				LD_RUNPATH_SEARCH_PATHS = (
					"$(inherited)",
					"@executable_path/Frameworks",
				);
				MARKETING_VERSION = 1.0;
				PRODUCT_BUNDLE_IDENTIFIER = aaa.CarouselTables;
				PRODUCT_NAME = "$(TARGET_NAME)";
				SWIFT_EMIT_LOC_STRINGS = YES;
				TARGETED_DEVICE_FAMILY = "1,2";
			};
			name = Release;
		};
		EE1B39A7272A969900F2BCEF /* Debug */ = {
			isa = XCBuildConfiguration;
			baseConfigurationReference = 8EDF6FAC791F4B9504BEAA76 /* Pods-CarouselTablesTests.debug.xcconfig */;
			buildSettings = {
				BUNDLE_LOADER = "$(TEST_HOST)";
				CODE_SIGN_STYLE = Automatic;
				CURRENT_PROJECT_VERSION = 1;
				DEVELOPMENT_TEAM = 53353F8EY8;
				GENERATE_INFOPLIST_FILE = YES;
				IPHONEOS_DEPLOYMENT_TARGET = 15.0;
				LD_RUNPATH_SEARCH_PATHS = (
					"$(inherited)",
					"@executable_path/Frameworks",
					"@loader_path/Frameworks",
				);
				MARKETING_VERSION = 1.0;
				PRODUCT_BUNDLE_IDENTIFIER = aaa.CarouselTablesTests;
				PRODUCT_NAME = "$(TARGET_NAME)";
				SWIFT_EMIT_LOC_STRINGS = NO;
				TARGETED_DEVICE_FAMILY = "1,2";
				TEST_HOST = "$(BUILT_PRODUCTS_DIR)/CarouselTables.app/CarouselTables";
			};
			name = Debug;
		};
		EE1B39A8272A969900F2BCEF /* Release */ = {
			isa = XCBuildConfiguration;
			baseConfigurationReference = 3E63FC02653B30BA07B29770 /* Pods-CarouselTablesTests.release.xcconfig */;
			buildSettings = {
				BUNDLE_LOADER = "$(TEST_HOST)";
				CODE_SIGN_STYLE = Automatic;
				CURRENT_PROJECT_VERSION = 1;
				DEVELOPMENT_TEAM = 53353F8EY8;
				GENERATE_INFOPLIST_FILE = YES;
				IPHONEOS_DEPLOYMENT_TARGET = 15.0;
				LD_RUNPATH_SEARCH_PATHS = (
					"$(inherited)",
					"@executable_path/Frameworks",
					"@loader_path/Frameworks",
				);
				MARKETING_VERSION = 1.0;
				PRODUCT_BUNDLE_IDENTIFIER = aaa.CarouselTablesTests;
				PRODUCT_NAME = "$(TARGET_NAME)";
				SWIFT_EMIT_LOC_STRINGS = NO;
				TARGETED_DEVICE_FAMILY = "1,2";
				TEST_HOST = "$(BUILT_PRODUCTS_DIR)/CarouselTables.app/CarouselTables";
			};
			name = Release;
		};
		EE1B39AA272A969900F2BCEF /* Debug */ = {
			isa = XCBuildConfiguration;
			baseConfigurationReference = 2B2AFF97FC97D88A836C8F47 /* Pods-CarouselTables-CarouselTablesUITests.debug.xcconfig */;
			buildSettings = {
				CODE_SIGN_STYLE = Automatic;
				CURRENT_PROJECT_VERSION = 1;
				DEVELOPMENT_TEAM = 53353F8EY8;
				GENERATE_INFOPLIST_FILE = YES;
				LD_RUNPATH_SEARCH_PATHS = (
					"$(inherited)",
					"@executable_path/Frameworks",
					"@loader_path/Frameworks",
				);
				MARKETING_VERSION = 1.0;
				PRODUCT_BUNDLE_IDENTIFIER = aaa.CarouselTablesUITests;
				PRODUCT_NAME = "$(TARGET_NAME)";
				SWIFT_EMIT_LOC_STRINGS = NO;
				TARGETED_DEVICE_FAMILY = "1,2";
				TEST_TARGET_NAME = CarouselTables;
			};
			name = Debug;
		};
		EE1B39AB272A969900F2BCEF /* Release */ = {
			isa = XCBuildConfiguration;
			baseConfigurationReference = 64F73F9B65632427FD07B9D1 /* Pods-CarouselTables-CarouselTablesUITests.release.xcconfig */;
			buildSettings = {
				CODE_SIGN_STYLE = Automatic;
				CURRENT_PROJECT_VERSION = 1;
				DEVELOPMENT_TEAM = 53353F8EY8;
				GENERATE_INFOPLIST_FILE = YES;
				LD_RUNPATH_SEARCH_PATHS = (
					"$(inherited)",
					"@executable_path/Frameworks",
					"@loader_path/Frameworks",
				);
				MARKETING_VERSION = 1.0;
				PRODUCT_BUNDLE_IDENTIFIER = aaa.CarouselTablesUITests;
				PRODUCT_NAME = "$(TARGET_NAME)";
				SWIFT_EMIT_LOC_STRINGS = NO;
				TARGETED_DEVICE_FAMILY = "1,2";
				TEST_TARGET_NAME = CarouselTables;
			};
			name = Release;
		};
/* End XCBuildConfiguration section */

/* Begin XCConfigurationList section */
		EE1B396F272A969400F2BCEF /* Build configuration list for PBXProject "CarouselTables" */ = {
			isa = XCConfigurationList;
			buildConfigurations = (
				EE1B39A1272A969900F2BCEF /* Debug */,
				EE1B39A2272A969900F2BCEF /* Release */,
			);
			defaultConfigurationIsVisible = 0;
			defaultConfigurationName = Release;
		};
		EE1B39A3272A969900F2BCEF /* Build configuration list for PBXNativeTarget "CarouselTables" */ = {
			isa = XCConfigurationList;
			buildConfigurations = (
				EE1B39A4272A969900F2BCEF /* Debug */,
				EE1B39A5272A969900F2BCEF /* Release */,
			);
			defaultConfigurationIsVisible = 0;
			defaultConfigurationName = Release;
		};
		EE1B39A6272A969900F2BCEF /* Build configuration list for PBXNativeTarget "CarouselTablesTests" */ = {
			isa = XCConfigurationList;
			buildConfigurations = (
				EE1B39A7272A969900F2BCEF /* Debug */,
				EE1B39A8272A969900F2BCEF /* Release */,
			);
			defaultConfigurationIsVisible = 0;
			defaultConfigurationName = Release;
		};
		EE1B39A9272A969900F2BCEF /* Build configuration list for PBXNativeTarget "CarouselTablesUITests" */ = {
			isa = XCConfigurationList;
			buildConfigurations = (
				EE1B39AA272A969900F2BCEF /* Debug */,
				EE1B39AB272A969900F2BCEF /* Release */,
			);
			defaultConfigurationIsVisible = 0;
			defaultConfigurationName = Release;
		};
/* End XCConfigurationList section */
	};
	rootObject = EE1B396C272A969400F2BCEF /* Project object */;
}
